{
  "nodes": {
    "nixpkgs": {
      "locked": {
        "lastModified": 1615827000,
        "narHash": "sha256-IJnuZykE8k9vkUGV6n5ady4dy/3O5+qeFhCbaJ2D42s=",
        "owner": "NixOS",
        "repo": "nixpkgs",
        "rev": "f19c6949b933dd81580af7ba82637a2424ae6325",
        "type": "github"
      },
      "original": {
        "owner": "NixOS",
        "repo": "nixpkgs",
        "type": "github"
      }
    },
    "root": {
      "inputs": {
        "nixpkgs": "nixpkgs"
      }
    }
  },
  "root": "root",
  "version": 7
}
